
Microsoft Visual Studio Solution File, Format Version 12.00
# Visual Studio 15
VisualStudioVersion = 15.0.26730.12
MinimumVisualStudioVersion = 10.0.40219.1
Project("{9A19103F-16F7-4668-BE54-9A1E7A4F7556}") = "TextContent.Service.Api", "TextContent.Service.Api\TextContent.Service.Api.csproj", "{1E5FBCC5-2587-410D-BB92-94F8371925DE}"
EndProject
Project("{9A19103F-16F7-4668-BE54-9A1E7A4F7556}") = "TextContent.Service.Business", "TextContent.Service.Business\TextContent.Service.Business.csproj", "{286D0442-457F-424F-A1CF-3AB5910C7279}"
EndProject
Project("{9A19103F-16F7-4668-BE54-9A1E7A4F7556}") = "Common", "..\Common\Common.csproj", "{6342E38D-147C-4FEE-A9D2-C182471EA469}"
EndProject
Project("{9A19103F-16F7-4668-BE54-9A1E7A4F7556}") = "Foods.Service.Repository", "..\Foods.Service\Foods.Service.Repository\Foods.Service.Repository.csproj", "{F6AB1E7A-8803-4185-8DE3-EFFDD009F992}"
EndProject
Global
	GlobalSection(SolutionConfigurationPlatforms) = preSolution
		Debug|Any CPU = Debug|Any CPU
		Release|Any CPU = Release|Any CPU
	EndGlobalSection
	GlobalSection(ProjectConfigurationPlatforms) = postSolution
		{1E5FBCC5-2587-410D-BB92-94F8371925DE}.Debug|Any CPU.ActiveCfg = Debug|Any CPU
		{1E5FBCC5-2587-410D-BB92-94F8371925DE}.Debug|Any CPU.Build.0 = Debug|Any CPU
		{1E5FBCC5-2587-410D-BB92-94F8371925DE}.Release|Any CPU.ActiveCfg = Release|Any CPU
		{1E5FBCC5-2587-410D-BB92-94F8371925DE}.Release|Any CPU.Build.0 = Release|Any CPU
		{286D0442-457F-424F-A1CF-3AB5910C7279}.Debug|Any CPU.ActiveCfg = Debug|Any CPU
		{286D0442-457F-424F-A1CF-3AB5910C7279}.Debug|Any CPU.Build.0 = Debug|Any CPU
		{286D0442-457F-424F-A1CF-3AB5910C7279}.Release|Any CPU.ActiveCfg = Release|Any CPU
		{286D0442-457F-424F-A1CF-3AB5910C7279}.Release|Any CPU.Build.0 = Release|Any CPU
		{6342E38D-147C-4FEE-A9D2-C182471EA469}.Debug|Any CPU.ActiveCfg = Debug|Any CPU
		{6342E38D-147C-4FEE-A9D2-C182471EA469}.Debug|Any CPU.Build.0 = Debug|Any CPU
		{6342E38D-147C-4FEE-A9D2-C182471EA469}.Release|Any CPU.ActiveCfg = Release|Any CPU
		{6342E38D-147C-4FEE-A9D2-C182471EA469}.Release|Any CPU.Build.0 = Release|Any CPU
		{F6AB1E7A-8803-4185-8DE3-EFFDD009F992}.Debug|Any CPU.ActiveCfg = Debug|Any CPU
		{F6AB1E7A-8803-4185-8DE3-EFFDD009F992}.Debug|Any CPU.Build.0 = Debug|Any CPU
		{F6AB1E7A-8803-4185-8DE3-EFFDD009F992}.Release|Any CPU.ActiveCfg = Release|Any CPU
		{F6AB1E7A-8803-4185-8DE3-EFFDD009F992}.Release|Any CPU.Build.0 = Release|Any CPU
	EndGlobalSection
	GlobalSection(SolutionProperties) = preSolution
		HideSolutionNode = FALSE
	EndGlobalSection
	GlobalSection(ExtensibilityGlobals) = postSolution
		SolutionGuid = {29890574-3206-4D4E-81AD-61B8824B62E6}
	EndGlobalSection
EndGlobal
